
Microsoft Visual Studio Solution File, Format Version 12.00
# Visual Studio Version 16
VisualStudioVersion = 16.0.31129.286
MinimumVisualStudioVersion = 10.0.40219.1
Project("{9A19103F-16F7-4668-BE54-9A1E7A4F7556}") = "WebApi", "WebApi\WebApi.csproj", "{2D167897-5CFA-4A0E-9B7A-BB9A536D7F2E}"
EndProject
Project("{9A19103F-16F7-4668-BE54-9A1E7A4F7556}") = "Web", "Web\Web.csproj", "{FC0B8C60-45D1-4CDB-90CE-7167F1239AA5}"
EndProject
Project("{9A19103F-16F7-4668-BE54-9A1E7A4F7556}") = "Types", "Types\Types.csproj", "{0981E0EA-7C6C-45C8-92A4-D57B9623C09A}"
EndProject
Project("{FAE04EC0-301F-11D3-BF4B-00C04F79EFBC}") = "Web.Common", "Web.Common\Web.Common.csproj", "{A42033A9-C986-4A31-B8DB-E972921BACA5}"
EndProject
Global
	GlobalSection(SolutionConfigurationPlatforms) = preSolution
		Debug|Any CPU = Debug|Any CPU
		Release|Any CPU = Release|Any CPU
	EndGlobalSection
	GlobalSection(ProjectConfigurationPlatforms) = postSolution
		{2D167897-5CFA-4A0E-9B7A-BB9A536D7F2E}.Debug|Any CPU.ActiveCfg = Debug|Any CPU
		{2D167897-5CFA-4A0E-9B7A-BB9A536D7F2E}.Debug|Any CPU.Build.0 = Debug|Any CPU
		{2D167897-5CFA-4A0E-9B7A-BB9A536D7F2E}.Release|Any CPU.ActiveCfg = Release|Any CPU
		{2D167897-5CFA-4A0E-9B7A-BB9A536D7F2E}.Release|Any CPU.Build.0 = Release|Any CPU
		{FC0B8C60-45D1-4CDB-90CE-7167F1239AA5}.Debug|Any CPU.ActiveCfg = Debug|Any CPU
		{FC0B8C60-45D1-4CDB-90CE-7167F1239AA5}.Debug|Any CPU.Build.0 = Debug|Any CPU
		{FC0B8C60-45D1-4CDB-90CE-7167F1239AA5}.Release|Any CPU.ActiveCfg = Release|Any CPU
		{FC0B8C60-45D1-4CDB-90CE-7167F1239AA5}.Release|Any CPU.Build.0 = Release|Any CPU
		{0981E0EA-7C6C-45C8-92A4-D57B9623C09A}.Debug|Any CPU.ActiveCfg = Debug|Any CPU
		{0981E0EA-7C6C-45C8-92A4-D57B9623C09A}.Debug|Any CPU.Build.0 = Debug|Any CPU
		{0981E0EA-7C6C-45C8-92A4-D57B9623C09A}.Release|Any CPU.ActiveCfg = Release|Any CPU
		{0981E0EA-7C6C-45C8-92A4-D57B9623C09A}.Release|Any CPU.Build.0 = Release|Any CPU
		{A42033A9-C986-4A31-B8DB-E972921BACA5}.Debug|Any CPU.ActiveCfg = Debug|Any CPU
		{A42033A9-C986-4A31-B8DB-E972921BACA5}.Debug|Any CPU.Build.0 = Debug|Any CPU
		{A42033A9-C986-4A31-B8DB-E972921BACA5}.Release|Any CPU.ActiveCfg = Release|Any CPU
		{A42033A9-C986-4A31-B8DB-E972921BACA5}.Release|Any CPU.Build.0 = Release|Any CPU
	EndGlobalSection
	GlobalSection(SolutionProperties) = preSolution
		HideSolutionNode = FALSE
	EndGlobalSection
	GlobalSection(ExtensibilityGlobals) = postSolution
		SolutionGuid = {B5A26EBD-2F13-4A03-B003-9812C21F77D3}
	EndGlobalSection
EndGlobal
