
Microsoft Visual Studio Solution File, Format Version 12.00
# Visual Studio Version 16
VisualStudioVersion = 16.0.31129.286
MinimumVisualStudioVersion = 10.0.40219.1
Project("{9A19103F-16F7-4668-BE54-9A1E7A4F7556}") = "Types", "Types\Types.csproj", "{0981E0EA-7C6C-45C8-92A4-D57B9623C09A}"
EndProject
Project("{FAE04EC0-301F-11D3-BF4B-00C04F79EFBC}") = "Portal.Server", "Portal\Server\Portal.Server.csproj", "{44C88CA8-CC95-4A72-9D63-2C6FF15389C1}"
EndProject
Project("{FAE04EC0-301F-11D3-BF4B-00C04F79EFBC}") = "Portal.Client", "Portal\Client\Portal.Client.csproj", "{6538D0E6-EDA0-4D30-8EA5-3B3002D93814}"
EndProject
Project("{FAE04EC0-301F-11D3-BF4B-00C04F79EFBC}") = "Portal.Shared", "Portal\Shared\Portal.Shared.csproj", "{C4C34F17-51B3-4E51-AA28-46F1AAB70BD3}"
EndProject
Global
	GlobalSection(SolutionConfigurationPlatforms) = preSolution
		Debug|Any CPU = Debug|Any CPU
		Release|Any CPU = Release|Any CPU
	EndGlobalSection
	GlobalSection(ProjectConfigurationPlatforms) = postSolution
		{0981E0EA-7C6C-45C8-92A4-D57B9623C09A}.Debug|Any CPU.ActiveCfg = Debug|Any CPU
		{0981E0EA-7C6C-45C8-92A4-D57B9623C09A}.Debug|Any CPU.Build.0 = Debug|Any CPU
		{0981E0EA-7C6C-45C8-92A4-D57B9623C09A}.Release|Any CPU.ActiveCfg = Release|Any CPU
		{0981E0EA-7C6C-45C8-92A4-D57B9623C09A}.Release|Any CPU.Build.0 = Release|Any CPU
		{44C88CA8-CC95-4A72-9D63-2C6FF15389C1}.Debug|Any CPU.ActiveCfg = Debug|Any CPU
		{44C88CA8-CC95-4A72-9D63-2C6FF15389C1}.Debug|Any CPU.Build.0 = Debug|Any CPU
		{44C88CA8-CC95-4A72-9D63-2C6FF15389C1}.Release|Any CPU.ActiveCfg = Release|Any CPU
		{44C88CA8-CC95-4A72-9D63-2C6FF15389C1}.Release|Any CPU.Build.0 = Release|Any CPU
		{6538D0E6-EDA0-4D30-8EA5-3B3002D93814}.Debug|Any CPU.ActiveCfg = Debug|Any CPU
		{6538D0E6-EDA0-4D30-8EA5-3B3002D93814}.Debug|Any CPU.Build.0 = Debug|Any CPU
		{6538D0E6-EDA0-4D30-8EA5-3B3002D93814}.Release|Any CPU.ActiveCfg = Release|Any CPU
		{6538D0E6-EDA0-4D30-8EA5-3B3002D93814}.Release|Any CPU.Build.0 = Release|Any CPU
		{C4C34F17-51B3-4E51-AA28-46F1AAB70BD3}.Debug|Any CPU.ActiveCfg = Debug|Any CPU
		{C4C34F17-51B3-4E51-AA28-46F1AAB70BD3}.Debug|Any CPU.Build.0 = Debug|Any CPU
		{C4C34F17-51B3-4E51-AA28-46F1AAB70BD3}.Release|Any CPU.ActiveCfg = Release|Any CPU
		{C4C34F17-51B3-4E51-AA28-46F1AAB70BD3}.Release|Any CPU.Build.0 = Release|Any CPU
	EndGlobalSection
	GlobalSection(SolutionProperties) = preSolution
		HideSolutionNode = FALSE
	EndGlobalSection
	GlobalSection(ExtensibilityGlobals) = postSolution
		SolutionGuid = {B5A26EBD-2F13-4A03-B003-9812C21F77D3}
	EndGlobalSection
EndGlobal
